
Microsoft Visual Studio Solution File, Format Version 12.00
# Visual Studio Version 16
VisualStudioVersion = 16.0.31515.178
MinimumVisualStudioVersion = 10.0.40219.1
Project("{8BC9CEB8-8B4A-11D0-8D11-00A0C91BC942}") = "SolutionFile", "SolutionFile.vcxproj", "{FD18CF20-C503-4BDF-9B53-9CFEEE7E638D}"
EndProject
Global
	GlobalSection(SolutionConfigurationPlatforms) = preSolution
		Debug|x64 = Debug|x64
		Debug|x86 = Debug|x86
		Release|x64 = Release|x64
		Release|x86 = Release|x86
	EndGlobalSection
	GlobalSection(ProjectConfigurationPlatforms) = postSolution
		{FD18CF20-C503-4BDF-9B53-9CFEEE7E638D}.Debug|x64.ActiveCfg = Debug|x64
		{FD18CF20-C503-4BDF-9B53-9CFEEE7E638D}.Debug|x64.Build.0 = Debug|x64
		{FD18CF20-C503-4BDF-9B53-9CFEEE7E638D}.Debug|x86.ActiveCfg = Debug|Win32
		{FD18CF20-C503-4BDF-9B53-9CFEEE7E638D}.Debug|x86.Build.0 = Debug|Win32
		{FD18CF20-C503-4BDF-9B53-9CFEEE7E638D}.Release|x64.ActiveCfg = Release|x64
		{FD18CF20-C503-4BDF-9B53-9CFEEE7E638D}.Release|x64.Build.0 = Release|x64
		{FD18CF20-C503-4BDF-9B53-9CFEEE7E638D}.Release|x86.ActiveCfg = Release|Win32
		{FD18CF20-C503-4BDF-9B53-9CFEEE7E638D}.Release|x86.Build.0 = Release|Win32
	EndGlobalSection
	GlobalSection(SolutionProperties) = preSolution
		HideSolutionNode = FALSE
	EndGlobalSection
	GlobalSection(ExtensibilityGlobals) = postSolution
		SolutionGuid = {9CAF19AD-263E-4905-B3B7-F6AB4DF0DF02}
	EndGlobalSection
EndGlobal
